
Microsoft Visual Studio Solution File, Format Version 12.00
# Visual Studio 14
VisualStudioVersion = 14.0.23107.0
MinimumVisualStudioVersion = 10.0.40219.1
Project("{FAE04EC0-301F-11D3-BF4B-00C04F79EFBC}") = "MG2015", "MG\MG2015.csproj", "{B8127514-F979-4320-BC58-10F09FCB9A5F}"
EndProject
Project("{FAE04EC0-301F-11D3-BF4B-00C04F79EFBC}") = "TestMG2015", "TestMG\TestMG2015.csproj", "{AB0796B9-C3B5-489C-BACC-FF72D470099D}"
EndProject
Global
	GlobalSection(SolutionConfigurationPlatforms) = preSolution
		Debug|Any CPU = Debug|Any CPU
		Release|Any CPU = Release|Any CPU
	EndGlobalSection
	GlobalSection(ProjectConfigurationPlatforms) = postSolution
		{B8127514-F979-4320-BC58-10F09FCB9A5F}.Debug|Any CPU.ActiveCfg = Debug|Any CPU
		{B8127514-F979-4320-BC58-10F09FCB9A5F}.Debug|Any CPU.Build.0 = Debug|Any CPU
		{B8127514-F979-4320-BC58-10F09FCB9A5F}.Release|Any CPU.ActiveCfg = Release|Any CPU
		{B8127514-F979-4320-BC58-10F09FCB9A5F}.Release|Any CPU.Build.0 = Release|Any CPU
		{AB0796B9-C3B5-489C-BACC-FF72D470099D}.Debug|Any CPU.ActiveCfg = Debug|Any CPU
		{AB0796B9-C3B5-489C-BACC-FF72D470099D}.Debug|Any CPU.Build.0 = Debug|Any CPU
		{AB0796B9-C3B5-489C-BACC-FF72D470099D}.Release|Any CPU.ActiveCfg = Release|Any CPU
		{AB0796B9-C3B5-489C-BACC-FF72D470099D}.Release|Any CPU.Build.0 = Release|Any CPU
	EndGlobalSection
	GlobalSection(SolutionProperties) = preSolution
		HideSolutionNode = FALSE
	EndGlobalSection
EndGlobal
